{
  "lockfile-version": 1,
  "manifest": {
    "schema-version": "1.11.0",
    "install": {
      "terraform": {
        "pkg-path": "terraform"
      }
    },
    "hook": {},
    "profile": {},
    "options": {}
  },
  "packages": [
    {
      "attr_path": "terraform",
      "broken": false,
      "derivation": "/nix/store/jcfh2rvr8dpm1msqkr3jhzfqb0vk06wc-terraform-1.14.8.drv",
      "description": "Tool for building, changing, and versioning infrastructure",
      "install_id": "terraform",
      "license": "BUSL-1.1",
      "locked_url": "https://github.com/flox/nixpkgs?rev=6201e203d09599479a3b3450ed24fa81537ebc4e",
      "name": "terraform-1.14.8",
      "pname": "terraform",
      "rev": "6201e203d09599479a3b3450ed24fa81537ebc4e",
      "rev_count": 972949,
      "rev_date": "2026-04-01T09:47:46Z",
      "scrape_date": "2026-04-02T18:02:53.362733Z",
      "stabilities": [
        "unstable"
      ],
      "unfree": true,
      "version": "1.14.8",
      "outputs_to_install": [
        "out"
      ],
      "outputs": {
        "out": "/nix/store/21vxm6hcrxki9iwzcc9pcjd060ib7p0w-terraform-1.14.8"
      },
      "system": "aarch64-darwin",
      "group": "toplevel",
      "priority": 5
    },
    {
      "attr_path": "terraform",
      "broken": false,
      "derivation": "/nix/store/h02v3capx55w700zypjx73hd34zzlfqa-terraform-1.14.8.drv",
      "description": "Tool for building, changing, and versioning infrastructure",
      "install_id": "terraform",
      "license": "BUSL-1.1",
      "locked_url": "https://github.com/flox/nixpkgs?rev=6201e203d09599479a3b3450ed24fa81537ebc4e",
      "name": "terraform-1.14.8",
      "pname": "terraform",
      "rev": "6201e203d09599479a3b3450ed24fa81537ebc4e",
      "rev_count": 972949,
      "rev_date": "2026-04-01T09:47:46Z",
      "scrape_date": "2026-04-02T18:34:57.714512Z",
      "stabilities": [
        "unstable"
      ],
      "unfree": true,
      "version": "1.14.8",
      "outputs_to_install": [
        "out"
      ],
      "outputs": {
        "out": "/nix/store/59z3ljc9f24y3y7m3msc47hdwzl44w5g-terraform-1.14.8"
      },
      "system": "aarch64-linux",
      "group": "toplevel",
      "priority": 5
    },
    {
      "attr_path": "terraform",
      "broken": false,
      "derivation": "/nix/store/zmzm4bpv72hsz1jjpwy2yl99p053pbc1-terraform-1.14.8.drv",
      "description": "Tool for building, changing, and versioning infrastructure",
      "install_id": "terraform",
      "license": "BUSL-1.1",
      "locked_url": "https://github.com/flox/nixpkgs?rev=6201e203d09599479a3b3450ed24fa81537ebc4e",
      "name": "terraform-1.14.8",
      "pname": "terraform",
      "rev": "6201e203d09599479a3b3450ed24fa81537ebc4e",
      "rev_count": 972949,
      "rev_date": "2026-04-01T09:47:46Z",
      "scrape_date": "2026-04-02T19:04:05.368026Z",
      "stabilities": [
        "unstable"
      ],
      "unfree": true,
      "version": "1.14.8",
      "outputs_to_install": [
        "out"
      ],
      "outputs": {
        "out": "/nix/store/d0h62zc9af99gddpglbxpzpycw74yhyc-terraform-1.14.8"
      },
      "system": "x86_64-darwin",
      "group": "toplevel",
      "priority": 5
    },
    {
      "attr_path": "terraform",
      "broken": false,
      "derivation": "/nix/store/z4mjxa6j3w2m88g3fkmywfqdjqg1q31f-terraform-1.14.8.drv",
      "description": "Tool for building, changing, and versioning infrastructure",
      "install_id": "terraform",
      "license": "BUSL-1.1",
      "locked_url": "https://github.com/flox/nixpkgs?rev=6201e203d09599479a3b3450ed24fa81537ebc4e",
      "name": "terraform-1.14.8",
      "pname": "terraform",
      "rev": "6201e203d09599479a3b3450ed24fa81537ebc4e",
      "rev_count": 972949,
      "rev_date": "2026-04-01T09:47:46Z",
      "scrape_date": "2026-04-02T19:39:05.533688Z",
      "stabilities": [
        "unstable"
      ],
      "unfree": true,
      "version": "1.14.8",
      "outputs_to_install": [
        "out"
      ],
      "outputs": {
        "out": "/nix/store/g3971j79h9mmg5d0cg60qfdgy0qzgsj5-terraform-1.14.8"
      },
      "system": "x86_64-linux",
      "group": "toplevel",
      "priority": 5
    }
  ]
}
