{
  "name": "homelab-ci",
  "lockfileVersion": 3,
  "requires": true,
  "packages": {
    "": {
      "name": "homelab-ci",
      "dependencies": {
        "@pfenerty/tektonic": "github:pfenerty/tektonic#ddac5dcbc716395a3f10710ba22ef3c537da7c7a"
      }
    },
    "node_modules/@pfenerty/tektonic": {
      "version": "2.0.0",
      "resolved": "git+ssh://git@github.com/pfenerty/tektonic.git#ddac5dcbc716395a3f10710ba22ef3c537da7c7a",
      "integrity": "sha512-Yg/kQvkdRIetoQZbQqW3fjfcFCFJfXmQqASo5jam1vCr/vMjMlVbG50sQ5PgJOghqK616NQRIJNiGoIF9uGmfw==",
      "license": "Apache-2.0",
      "dependencies": {
        "cdk8s": "^2.68.0",
        "constructs": "^10.3.0"
      },
      "bin": {
        "tektonic": "dist/cli/index.js"
      }
    },
    "node_modules/cdk8s": {
      "version": "2.70.103",
      "resolved": "https://registry.npmjs.org/cdk8s/-/cdk8s-2.70.103.tgz",
      "integrity": "sha512-qO1kaY7Z9ReXNnkGZlKXwO78wMCVssk3tDOY2occXNPygizzA78dzG2GFwvEJvaRLOFKn9KfBLwNS3TV+ruluA==",
      "bundleDependencies": [
        "fast-json-patch",
        "follow-redirects",
        "yaml"
      ],
      "license": "Apache-2.0",
      "dependencies": {
        "fast-json-patch": "^3.1.1",
        "follow-redirects": "^1.16.0",
        "yaml": "2.9.1"
      },
      "engines": {
        "node": ">= 16.20.0"
      },
      "peerDependencies": {
        "constructs": "^10"
      }
    },
    "node_modules/cdk8s/node_modules/fast-json-patch": {
      "version": "3.1.1",
      "inBundle": true,
      "license": "MIT"
    },
    "node_modules/cdk8s/node_modules/follow-redirects": {
      "version": "1.16.0",
      "funding": [
        {
          "type": "individual",
          "url": "https://github.com/sponsors/RubenVerborgh"
        }
      ],
      "inBundle": true,
      "license": "MIT",
      "engines": {
        "node": ">=4.0"
      },
      "peerDependenciesMeta": {
        "debug": {
          "optional": true
        }
      }
    },
    "node_modules/cdk8s/node_modules/yaml": {
      "version": "2.9.1",
      "inBundle": true,
      "license": "ISC",
      "bin": {
        "yaml": "bin.mjs"
      },
      "engines": {
        "node": ">= 14.6"
      },
      "funding": {
        "url": "https://github.com/sponsors/eemeli"
      }
    },
    "node_modules/constructs": {
      "version": "10.8.1",
      "resolved": "https://registry.npmjs.org/constructs/-/constructs-10.8.1.tgz",
      "integrity": "sha512-98yGXYyhePqPYh3cYu8nzBERmAhC0DONe3UD03okK0nehZ7hYP4wgZuf02a04+uOWxnTJ5Rpp5m0GRNpwyLGGA==",
      "license": "Apache-2.0"
    }
  }
}
